
Microsoft Visual Studio Solution File, Format Version 12.00
# Visual Studio Version 17
VisualStudioVersion = 17.5.002.0
MinimumVisualStudioVersion = 10.0.40219.1
Project("{9A19103F-16F7-4668-BE54-9A1E7A4F7556}") = "sim-u-duck", "sim-u-duck.csproj", "{4A85F585-A2E2-4989-952B-C38D458A4C9E}"
EndProject
Global
	GlobalSection(SolutionConfigurationPlatforms) = preSolution
		Debug|Any CPU = Debug|Any CPU
		Release|Any CPU = Release|Any CPU
	EndGlobalSection
	GlobalSection(ProjectConfigurationPlatforms) = postSolution
		{4A85F585-A2E2-4989-952B-C38D458A4C9E}.Debug|Any CPU.ActiveCfg = Debug|Any CPU
		{4A85F585-A2E2-4989-952B-C38D458A4C9E}.Debug|Any CPU.Build.0 = Debug|Any CPU
		{4A85F585-A2E2-4989-952B-C38D458A4C9E}.Release|Any CPU.ActiveCfg = Release|Any CPU
		{4A85F585-A2E2-4989-952B-C38D458A4C9E}.Release|Any CPU.Build.0 = Release|Any CPU
	EndGlobalSection
	GlobalSection(SolutionProperties) = preSolution
		HideSolutionNode = FALSE
	EndGlobalSection
	GlobalSection(ExtensibilityGlobals) = postSolution
		SolutionGuid = {A0C4EF9A-3B27-4BFD-B91B-892E7F8F2E6C}
	EndGlobalSection
EndGlobal
